
Microsoft Visual Studio Solution File, Format Version 12.00
# Visual Studio Version 16
VisualStudioVersion = 16.0.29102.190
MinimumVisualStudioVersion = 10.0.40219.1
Project("{FAE04EC0-301F-11D3-BF4B-00C04F79EFBC}") = "GithubTest", "GithubTest.csproj", "{F3377260-0CEC-470C-8524-693D32CE00EA}"
EndProject
Global
	GlobalSection(SolutionConfigurationPlatforms) = preSolution
		Debug|Any CPU = Debug|Any CPU
		Release|Any CPU = Release|Any CPU
	EndGlobalSection
	GlobalSection(ProjectConfigurationPlatforms) = postSolution
		{F3377260-0CEC-470C-8524-693D32CE00EA}.Debug|Any CPU.ActiveCfg = Debug|Any CPU
		{F3377260-0CEC-470C-8524-693D32CE00EA}.Debug|Any CPU.Build.0 = Debug|Any CPU
		{F3377260-0CEC-470C-8524-693D32CE00EA}.Release|Any CPU.ActiveCfg = Release|Any CPU
		{F3377260-0CEC-470C-8524-693D32CE00EA}.Release|Any CPU.Build.0 = Release|Any CPU
	EndGlobalSection
	GlobalSection(SolutionProperties) = preSolution
		HideSolutionNode = FALSE
	EndGlobalSection
	GlobalSection(ExtensibilityGlobals) = postSolution
		SolutionGuid = {95CAD4E8-C356-4325-9EEB-32271D8E9F51}
	EndGlobalSection
EndGlobal
